// !$*UTF8*$!
{
	archiveVersion = 1;
	classes = {
	};
	objectVersion = 50;
	objects = {

/* Begin PBXBuildFile section */
		6AC15A7D20C928B000C548ED /* AppDelegate.swift in Sources */ = {isa = PBXBuildFile; fileRef = 6AC15A7C20C928B000C548ED /* AppDelegate.swift */; };
		6AC15A7F20C928B000C548ED /* ViewController.swift in Sources */ = {isa = PBXBuildFile; fileRef = 6AC15A7E20C928B000C548ED /* ViewController.swift */; };
		6AC15A8220C928B000C548ED /* Main.storyboard in Resources */ = {isa = PBXBuildFile; fileRef = 6AC15A8020C928B000C548ED /* Main.storyboard */; };
		6AC15A8520C928B000C548ED /* ForLearn.xcdatamodeld in Sources */ = {isa = PBXBuildFile; fileRef = 6AC15A8320C928B000C548ED /* ForLearn.xcdatamodeld */; };
		6AC15A8720C928B200C548ED /* Assets.xcassets in Resources */ = {isa = PBXBuildFile; fileRef = 6AC15A8620C928B200C548ED /* Assets.xcassets */; };
		6AC15A8A20C928B200C548ED /* LaunchScreen.storyboard in Resources */ = {isa = PBXBuildFile; fileRef = 6AC15A8820C928B200C548ED /* LaunchScreen.storyboard */; };
/* End PBXBuildFile section */

/* Begin PBXFileReference section */
		6AC15A7920C928B000C548ED /* ForLearn.app */ = {isa = PBXFileReference; explicitFileType = wrapper.application; includeInIndex = 0; path = ForLearn.app; sourceTree = BUILT_PRODUCTS_DIR; };
		6AC15A7C20C928B000C548ED /* AppDelegate.swift */ = {isa = PBXFileReference; lastKnownFileType = sourcecode.swift; path = AppDelegate.swift; sourceTree = "<group>"; };
		6AC15A7E20C928B000C548ED /* ViewController.swift */ = {isa = PBXFileReference; lastKnownFileType = sourcecode.swift; path = ViewController.swift; sourceTree = "<group>"; };
		6AC15A8120C928B000C548ED /* Base */ = {isa = PBXFileReference; lastKnownFileType = file.storyboard; name = Base; path = Base.lproj/Main.storyboard; sourceTree = "<group>"; };
		6AC15A8420C928B000C548ED /* ForLearn.xcdatamodel */ = {isa = PBXFileReference; lastKnownFileType = wrapper.xcdatamodel; path = ForLearn.xcdatamodel; sourceTree = "<group>"; };
		6AC15A8620C928B200C548ED /* Assets.xcassets */ = {isa = PBXFileReference; lastKnownFileType = folder.assetcatalog; path = Assets.xcassets; sourceTree = "<group>"; };
		6AC15A8920C928B200C548ED /* Base */ = {isa = PBXFileReference; lastKnownFileType = file.storyboard; name = Base; path = Base.lproj/LaunchScreen.storyboard; sourceTree = "<group>"; };
		6AC15A8B20C928B200C548ED /* Info.plist */ = {isa = PBXFileReference; lastKnownFileType = text.plist.xml; path = Info.plist; sourceTree = "<group>"; };
/* End PBXFileReference section */

/* Begin PBXFrameworksBuildPhase section */
		6AC15A7620C928B000C548ED /* Frameworks */ = {
			isa = PBXFrameworksBuildPhase;
			buildActionMask = 2147483647;
			files = (
			);
			runOnlyForDeploymentPostprocessing = 0;
		};
/* End PBXFrameworksBuildPhase section */

/* Begin PBXGroup section */
		6AC15A7020C928B000C548ED = {
			isa = PBXGroup;
			children = (
				6AC15A7B20C928B000C548ED /* ForLearn */,
				6AC15A7A20C928B000C548ED /* Products */,
			);
			sourceTree = "<group>";
		};
		6AC15A7A20C928B000C548ED /* Products */ = {
			isa = PBXGroup;
			children = (
				6AC15A7920C928B000C548ED /* ForLearn.app */,
			);
			name = Products;
			sourceTree = "<group>";
		};
		6AC15A7B20C928B000C548ED /* ForLearn */ = {
			isa = PBXGroup;
			children = (
				6AC15A7C20C928B000C548ED /* AppDelegate.swift */,
				6AC15A7E20C928B000C548ED /* ViewController.swift */,
				6AC15A8020C928B000C548ED /* Main.storyboard */,
				6AC15A8620C928B200C548ED /* Assets.xcassets */,
				6AC15A8820C928B200C548ED /* LaunchScreen.storyboard */,
				6AC15A8B20C928B200C548ED /* Info.plist */,
				6AC15A8320C928B000C548ED /* ForLearn.xcdatamodeld */,
			);
			path = ForLearn;
			sourceTree = "<group>";
		};
/* End PBXGroup section */

/* Begin PBXNativeTarget section */
		6AC15A7820C928B000C548ED /* ForLearn */ = {
			isa = PBXNativeTarget;
			buildConfigurationList = 6AC15A8E20C928B200C548ED /* Build configuration list for PBXNativeTarget "ForLearn" */;
			buildPhases = (
				6AC15A7520C928B000C548ED /* Sources */,
				6AC15A7620C928B000C548ED /* Frameworks */,
				6AC15A7720C928B000C548ED /* Resources */,
			);
			buildRules = (
			);
			dependencies = (
			);
			name = ForLearn;
			productName = ForLearn;
			productReference = 6AC15A7920C928B000C548ED /* ForLearn.app */;
			productType = "com.apple.product-type.application";
		};
/* End PBXNativeTarget section */

/* Begin PBXProject section */
		6AC15A7120C928B000C548ED /* Project object */ = {
			isa = PBXProject;
			attributes = {
				LastSwiftUpdateCheck = 0930;
				LastUpgradeCheck = 0930;
				ORGANIZATIONNAME = "Thitiwich Worathaset";
				TargetAttributes = {
					6AC15A7820C928B000C548ED = {
						CreatedOnToolsVersion = 9.3.1;
					};
				};
			};
			buildConfigurationList = 6AC15A7420C928B000C548ED /* Build configuration list for PBXProject "ForLearn" */;
			compatibilityVersion = "Xcode 9.3";
			developmentRegion = en;
			hasScannedForEncodings = 0;
			knownRegions = (
				en,
				Base,
			);
			mainGroup = 6AC15A7020C928B000C548ED;
			productRefGroup = 6AC15A7A20C928B000C548ED /* Products */;
			projectDirPath = "";
			projectRoot = "";
			targets = (
				6AC15A7820C928B000C548ED /* ForLearn */,
			);
		};
/* End PBXProject section */

/* Begin PBXResourcesBuildPhase section */
		6AC15A7720C928B000C548ED /* Resources */ = {
			isa = PBXResourcesBuildPhase;
			buildActionMask = 2147483647;
			files = (
				6AC15A8A20C928B200C548ED /* LaunchScreen.storyboard in Resources */,
				6AC15A8720C928B200C548ED /* Assets.xcassets in Resources */,
				6AC15A8220C928B000C548ED /* Main.storyboard in Resources */,
			);
			runOnlyForDeploymentPostprocessing = 0;
		};
/* End PBXResourcesBuildPhase section */

/* Begin PBXSourcesBuildPhase section */
		6AC15A7520C928B000C548ED /* Sources */ = {
			isa = PBXSourcesBuildPhase;
			buildActionMask = 2147483647;
			files = (
				6AC15A7F20C928B000C548ED /* ViewController.swift in Sources */,
				6AC15A7D20C928B000C548ED /* AppDelegate.swift in Sources */,
				6AC15A8520C928B000C548ED /* ForLearn.xcdatamodeld in Sources */,
			);
			runOnlyForDeploymentPostprocessing = 0;
		};
/* End PBXSourcesBuildPhase section */

/* Begin PBXVariantGroup section */
		6AC15A8020C928B000C548ED /* Main.storyboard */ = {
			isa = PBXVariantGroup;
			children = (
				6AC15A8120C928B000C548ED /* Base */,
			);
			name = Main.storyboard;
			sourceTree = "<group>";
		};
		6AC15A8820C928B200C548ED /* LaunchScreen.storyboard */ = {
			isa = PBXVariantGroup;
			children = (
				6AC15A8920C928B200C548ED /* Base */,
			);
			name = LaunchScreen.storyboard;
			sourceTree = "<group>";
		};
/* End PBXVariantGroup section */

/* Begin XCBuildConfiguration section */
		6AC15A8C20C928B200C548ED /* Debug */ = {
			isa = XCBuildConfiguration;
			buildSettings = {
				ALWAYS_SEARCH_USER_PATHS = NO;
				CLANG_ANALYZER_NONNULL = YES;
				CLANG_ANALYZER_NUMBER_OBJECT_CONVERSION = YES_AGGRESSIVE;
				CLANG_CXX_LANGUAGE_STANDARD = "gnu++14";
				CLANG_CXX_LIBRARY = "libc++";
				CLANG_ENABLE_MODULES = YES;
				CLANG_ENABLE_OBJC_ARC = YES;
				CLANG_ENABLE_OBJC_WEAK = YES;
				CLANG_WARN_BLOCK_CAPTURE_AUTORELEASING = YES;
				CLANG_WARN_BOOL_CONVERSION = YES;
				CLANG_WARN_COMMA = YES;
				CLANG_WARN_CONSTANT_CONVERSION = YES;
				CLANG_WARN_DEPRECATED_OBJC_IMPLEMENTATIONS = YES;
				CLANG_WARN_DIRECT_OBJC_ISA_USAGE = YES_ERROR;
				CLANG_WARN_DOCUMENTATION_COMMENTS = YES;
				CLANG_WARN_EMPTY_BODY = YES;
				CLANG_WARN_ENUM_CONVERSION = YES;
				CLANG_WARN_INFINITE_RECURSION = YES;
				CLANG_WARN_INT_CONVERSION = YES;
				CLANG_WARN_NON_LITERAL_NULL_CONVERSION = YES;
				CLANG_WARN_OBJC_IMPLICIT_RETAIN_SELF = YES;
				CLANG_WARN_OBJC_LITERAL_CONVERSION = YES;
				CLANG_WARN_OBJC_ROOT_CLASS = YES_ERROR;
				CLANG_WARN_RANGE_LOOP_ANALYSIS = YES;
				CLANG_WARN_STRICT_PROTOTYPES = YES;
				CLANG_WARN_SUSPICIOUS_MOVE = YES;
				CLANG_WARN_UNGUARDED_AVAILABILITY = YES_AGGRESSIVE;
				CLANG_WARN_UNREACHABLE_CODE = YES;
				CLANG_WARN__DUPLICATE_METHOD_MATCH = YES;
				CODE_SIGN_IDENTITY = "iPhone Developer";
				COPY_PHASE_STRIP = NO;
				DEBUG_INFORMATION_FORMAT = dwarf;
				ENABLE_STRICT_OBJC_MSGSEND = YES;
				ENABLE_TESTABILITY = YES;
				GCC_C_LANGUAGE_STANDARD = gnu11;
				GCC_DYNAMIC_NO_PIC = NO;
				GCC_NO_COMMON_BLOCKS = YES;
				GCC_OPTIMIZATION_LEVEL = 0;
				GCC_PREPROCESSOR_DEFINITIONS = (
					"DEBUG=1",
					"$(inherited)",
				);
				GCC_WARN_64_TO_32_BIT_CONVERSION = YES;
				GCC_WARN_ABOUT_RETURN_TYPE = YES_ERROR;
				GCC_WARN_UNDECLARED_SELECTOR = YES;
				GCC_WARN_UNINITIALIZED_AUTOS = YES_AGGRESSIVE;
				GCC_WARN_UNUSED_FUNCTION = YES;
				GCC_WARN_UNUSED_VARIABLE = YES;
				IPHONEOS_DEPLOYMENT_TARGET = 11.3;
				MTL_ENABLE_DEBUG_INFO = YES;
				ONLY_ACTIVE_ARCH = YES;
				SDKROOT = iphoneos;
				SWIFT_ACTIVE_COMPILATION_CONDITIONS = DEBUG;
				SWIFT_OPTIMIZATION_LEVEL = "-Onone";
			};
			name = Debug;
		};
		6AC15A8D20C928B200C548ED /* Release */ = {
			isa = XCBuildConfiguration;
			buildSettings = {
				ALWAYS_SEARCH_USER_PATHS = NO;
				CLANG_ANALYZER_NONNULL = YES;
				CLANG_ANALYZER_NUMBER_OBJECT_CONVERSION = YES_AGGRESSIVE;
				CLANG_CXX_LANGUAGE_STANDARD = "gnu++14";
				CLANG_CXX_LIBRARY = "libc++";
				CLANG_ENABLE_MODULES = YES;
				CLANG_ENABLE_OBJC_ARC = YES;
				CLANG_ENABLE_OBJC_WEAK = YES;
				CLANG_WARN_BLOCK_CAPTURE_AUTORELEASING = YES;
				CLANG_WARN_BOOL_CONVERSION = YES;
				CLANG_WARN_COMMA = YES;
				CLANG_WARN_CONSTANT_CONVERSION = YES;
				CLANG_WARN_DEPRECATED_OBJC_IMPLEMENTATIONS = YES;
				CLANG_WARN_DIRECT_OBJC_ISA_USAGE = YES_ERROR;
				CLANG_WARN_DOCUMENTATION_COMMENTS = YES;
				CLANG_WARN_EMPTY_BODY = YES;
				CLANG_WARN_ENUM_CONVERSION = YES;
				CLANG_WARN_INFINITE_RECURSION = YES;
				CLANG_WARN_INT_CONVERSION = YES;
				CLANG_WARN_NON_LITERAL_NULL_CONVERSION = YES;
				CLANG_WARN_OBJC_IMPLICIT_RETAIN_SELF = YES;
				CLANG_WARN_OBJC_LITERAL_CONVERSION = YES;
				CLANG_WARN_OBJC_ROOT_CLASS = YES_ERROR;
				CLANG_WARN_RANGE_LOOP_ANALYSIS = YES;
				CLANG_WARN_STRICT_PROTOTYPES = YES;
				CLANG_WARN_SUSPICIOUS_MOVE = YES;
				CLANG_WARN_UNGUARDED_AVAILABILITY = YES_AGGRESSIVE;
				CLANG_WARN_UNREACHABLE_CODE = YES;
				CLANG_WARN__DUPLICATE_METHOD_MATCH = YES;
				CODE_SIGN_IDENTITY = "iPhone Developer";
				COPY_PHASE_STRIP = NO;
				DEBUG_INFORMATION_FORMAT = "dwarf-with-dsym";
				ENABLE_NS_ASSERTIONS = NO;
				ENABLE_STRICT_OBJC_MSGSEND = YES;
				GCC_C_LANGUAGE_STANDARD = gnu11;
				GCC_NO_COMMON_BLOCKS = YES;
				GCC_WARN_64_TO_32_BIT_CONVERSION = YES;
				GCC_WARN_ABOUT_RETURN_TYPE = YES_ERROR;
				GCC_WARN_UNDECLARED_SELECTOR = YES;
				GCC_WARN_UNINITIALIZED_AUTOS = YES_AGGRESSIVE;
				GCC_WARN_UNUSED_FUNCTION = YES;
				GCC_WARN_UNUSED_VARIABLE = YES;
				IPHONEOS_DEPLOYMENT_TARGET = 11.3;
				MTL_ENABLE_DEBUG_INFO = NO;
				SDKROOT = iphoneos;
				SWIFT_COMPILATION_MODE = wholemodule;
				SWIFT_OPTIMIZATION_LEVEL = "-O";
				VALIDATE_PRODUCT = YES;
			};
			name = Release;
		};
		6AC15A8F20C928B200C548ED /* Debug */ = {
			isa = XCBuildConfiguration;
			buildSettings = {
				ASSETCATALOG_COMPILER_APPICON_NAME = AppIcon;
				CODE_SIGN_STYLE = Manual;
				DEVELOPMENT_TEAM = GXCN6SHD4F;
				INFOPLIST_FILE = ForLearn/Info.plist;
				LD_RUNPATH_SEARCH_PATHS = (
					"$(inherited)",
					"@executable_path/Frameworks",
				);
				PRODUCT_BUNDLE_IDENTIFIER = com.landmark.ForLearn;
				PRODUCT_NAME = "$(TARGET_NAME)";
				PROVISIONING_PROFILE = "f63aedc4-03d2-4ded-8024-a804b72e5095";
				PROVISIONING_PROFILE_SPECIFIER = "match Development com.landmark.ForLearn";
				SWIFT_VERSION = 4.0;
				TARGETED_DEVICE_FAMILY = "1,2";
			};
			name = Debug;
		};
		6AC15A9020C928B200C548ED /* Release */ = {
			isa = XCBuildConfiguration;
			buildSettings = {
				ASSETCATALOG_COMPILER_APPICON_NAME = AppIcon;
				CODE_SIGN_IDENTITY = "iPhone Distribution";
				CODE_SIGN_STYLE = Manual;
				DEVELOPMENT_TEAM = GXCN6SHD4F;
				INFOPLIST_FILE = ForLearn/Info.plist;
				LD_RUNPATH_SEARCH_PATHS = (
					"$(inherited)",
					"@executable_path/Frameworks",
				);
				PRODUCT_BUNDLE_IDENTIFIER = com.landmark.ForLearn;
				PRODUCT_NAME = "$(TARGET_NAME)";
				PROVISIONING_PROFILE = "31104ceb-53ae-447e-ac0a-fc2a1350bb8c";
				PROVISIONING_PROFILE_SPECIFIER = "match AdHoc com.landmark.ForLearn";
				SWIFT_VERSION = 4.0;
				TARGETED_DEVICE_FAMILY = "1,2";
			};
			name = Release;
		};
/* End XCBuildConfiguration section */

/* Begin XCConfigurationList section */
		6AC15A7420C928B000C548ED /* Build configuration list for PBXProject "ForLearn" */ = {
			isa = XCConfigurationList;
			buildConfigurations = (
				6AC15A8C20C928B200C548ED /* Debug */,
				6AC15A8D20C928B200C548ED /* Release */,
			);
			defaultConfigurationIsVisible = 0;
			defaultConfigurationName = Release;
		};
		6AC15A8E20C928B200C548ED /* Build configuration list for PBXNativeTarget "ForLearn" */ = {
			isa = XCConfigurationList;
			buildConfigurations = (
				6AC15A8F20C928B200C548ED /* Debug */,
				6AC15A9020C928B200C548ED /* Release */,
			);
			defaultConfigurationIsVisible = 0;
			defaultConfigurationName = Release;
		};
/* End XCConfigurationList section */

/* Begin XCVersionGroup section */
		6AC15A8320C928B000C548ED /* ForLearn.xcdatamodeld */ = {
			isa = XCVersionGroup;
			children = (
				6AC15A8420C928B000C548ED /* ForLearn.xcdatamodel */,
			);
			currentVersion = 6AC15A8420C928B000C548ED /* ForLearn.xcdatamodel */;
			path = ForLearn.xcdatamodeld;
			sourceTree = "<group>";
			versionGroupType = wrapper.xcdatamodel;
		};
/* End XCVersionGroup section */
	};
	rootObject = 6AC15A7120C928B000C548ED /* Project object */;
}
